
Microsoft Visual Studio Solution File, Format Version 12.00
# Visual Studio Version 16
VisualStudioVersion = 16.0.30907.101
MinimumVisualStudioVersion = 10.0.40219.1
Project("{2150E333-8FDC-42A3-9474-1A3956D46DE8}") = "1 - UI", "1 - UI", "{0993D80D-FB2A-4D24-81BA-52412091190E}"
EndProject
Project("{2150E333-8FDC-42A3-9474-1A3956D46DE8}") = "2 - Service", "2 - Service", "{DD7F1BCC-CBEF-4D4D-A15C-83C6743F8EF5}"
EndProject
Project("{2150E333-8FDC-42A3-9474-1A3956D46DE8}") = "3 - Domain", "3 - Domain", "{B7B6CEB6-CDCF-4B4B-B417-AD4421D6912F}"
EndProject
Project("{2150E333-8FDC-42A3-9474-1A3956D46DE8}") = "4 - Infra", "4 - Infra", "{CDD6737D-3D38-4A45-B271-420FEF126A54}"
EndProject
Project("{2150E333-8FDC-42A3-9474-1A3956D46DE8}") = "4.1 - Data", "4.1 - Data", "{32BDB42F-9699-41B7-81A6-E63BDF902553}"
EndProject
Project("{2150E333-8FDC-42A3-9474-1A3956D46DE8}") = "4.2 - CrossCutting", "4.2 - CrossCutting", "{1288EC63-183F-4249-91FC-A5ED0AFC864D}"
EndProject
Project("{FAE04EC0-301F-11D3-BF4B-00C04F79EFBC}") = "Posy.V2.Infra.CrossCutting.IoC", "src\Posy.V2.Infra.CrossCutting.IoC\Posy.V2.Infra.CrossCutting.IoC.csproj", "{1A45C873-D638-4716-B85E-6EBC3D21B4C4}"
EndProject
Project("{FAE04EC0-301F-11D3-BF4B-00C04F79EFBC}") = "Posy.V2.Infra.CrossCutting.Identity", "src\Posy.V2.Infra.CrossCutting.Identity\Posy.V2.Infra.CrossCutting.Identity.csproj", "{11D4FD0F-521B-4323-9190-F189044084A1}"
EndProject
Project("{FAE04EC0-301F-11D3-BF4B-00C04F79EFBC}") = "Posy.V2.Infra.Data", "src\Posy.V2.Infra.Data\Posy.V2.Infra.Data.csproj", "{76579ED4-7841-4B1B-927F-13E6FDD382E9}"
EndProject
Project("{2150E333-8FDC-42A3-9474-1A3956D46DE8}") = "Solution Items", "Solution Items", "{CC6EB95B-B411-4EB3-9659-48F298EB4271}"
	ProjectSection(SolutionItems) = preProject
		config\config-postman-token.png = config\config-postman-token.png
		config\ELMAH-1.2-db-MySql.sql = config\ELMAH-1.2-db-MySql.sql
		config\ELMAH-1.2-db-Oracle.sql = config\ELMAH-1.2-db-Oracle.sql
		config\ELMAH-1.2-db-Pgsql.sql = config\ELMAH-1.2-db-Pgsql.sql
		config\ELMAH-1.2-db-SQLServer.sql = config\ELMAH-1.2-db-SQLServer.sql
		config\ErrorLogTest.linq = config\ErrorLogTest.linq
		config\Info.txt = config\Info.txt
		config\Microsoft.VisualStudio.QualityTools.UnitTestFramework.dll = config\Microsoft.VisualStudio.QualityTools.UnitTestFramework.dll
		config\oracle_readme.txt = config\oracle_readme.txt
		config\posy.publishsettings = config\posy.publishsettings
		config\script_V1_para_V2_online_20190121.sql = config\script_V1_para_V2_online_20190121.sql
		Secrets.txt = Secrets.txt
		config\WebConfigWebFormsV1.txt = config\WebConfigWebFormsV1.txt
	EndProjectSection
EndProject
Project("{FAE04EC0-301F-11D3-BF4B-00C04F79EFBC}") = "Posy.V2.Domain", "src\Posy.V2.Domain\Posy.V2.Domain.csproj", "{2AFD4C62-A4C1-46D9-BF7B-D372D11CF3EC}"
EndProject
Project("{FAE04EC0-301F-11D3-BF4B-00C04F79EFBC}") = "Posy.V2.MVC", "src\Posy.V2.MVC\Posy.V2.MVC.csproj", "{780EF517-75B6-4882-8C78-082B2429CACB}"
EndProject
Project("{FAE04EC0-301F-11D3-BF4B-00C04F79EFBC}") = "Posy.V2.Infra.CrossCutting.Common", "src\Posy.V2.Infra.CrossCutting.Common\Posy.V2.Infra.CrossCutting.Common.csproj", "{020B662B-E18B-4350-A44F-62E7A8C2578E}"
EndProject
Project("{FAE04EC0-301F-11D3-BF4B-00C04F79EFBC}") = "Posy.V2.Service", "src\Posy.V2.Service\Posy.V2.Service.csproj", "{7BBFD3E4-B338-4EAE-8377-33F1158ADD8B}"
EndProject
Project("{FAE04EC0-301F-11D3-BF4B-00C04F79EFBC}") = "Posy.V2.DOS", "src\Posy.V2.DOS\Posy.V2.DOS.csproj", "{02A74618-D5BA-4F25-88C6-AAAB2755A8F6}"
EndProject
Project("{FAE04EC0-301F-11D3-BF4B-00C04F79EFBC}") = "Posy.V2.WF", "src\Posy.V2.WF\Posy.V2.WF.csproj", "{47E3DEB3-1CA5-4549-AF57-C8DADDD6398D}"
EndProject
Project("{FAE04EC0-301F-11D3-BF4B-00C04F79EFBC}") = "Posy.V2.Api", "src\Posy.V2.Api\Posy.V2.Api.csproj", "{06569367-D101-4C35-8C67-9F7F804D3CB3}"
EndProject
Project("{FAE04EC0-301F-11D3-BF4B-00C04F79EFBC}") = "Posy.V2.Infra.Data.MySql", "src\Posy.V2.Infra.Data.MySql\Posy.V2.Infra.Data.MySql.csproj", "{71277C4F-AF70-4A43-88FD-5244AFE0E922}"
EndProject
Project("{FAE04EC0-301F-11D3-BF4B-00C04F79EFBC}") = "Posy.V2.Infra.Data.PostgreSql", "src\Posy.V2.Infra.Data.PostgreSql\Posy.V2.Infra.Data.PostgreSql.csproj", "{C3442B32-97BF-449A-B5AA-71750F137E2A}"
EndProject
Project("{FAE04EC0-301F-11D3-BF4B-00C04F79EFBC}") = "Posy.V2.Infra.Data.Oracle", "src\Posy.V2.Infra.Data.Oracle\Posy.V2.Infra.Data.Oracle.csproj", "{FCAC6BCC-2441-4B1C-96D8-2C35039728F6}"
EndProject
Project("{FAE04EC0-301F-11D3-BF4B-00C04F79EFBC}") = "Posy.V2.Infra.CrossCutting.Common.Tests", "src\Posy.V2.Infra.CrossCutting.Common.Tests\Posy.V2.Infra.CrossCutting.Common.Tests.csproj", "{E90B6CE1-169C-440C-8223-93B79F73BC22}"
EndProject
Project("{FAE04EC0-301F-11D3-BF4B-00C04F79EFBC}") = "Posy.V2.Domain.Tests", "src\Posy.V2.Domain.Tests\Posy.V2.Domain.Tests.csproj", "{D45E774F-D17F-402A-9881-139EC73C23F9}"
EndProject
Project("{FAE04EC0-301F-11D3-BF4B-00C04F79EFBC}") = "Posy.V2.Infra.Data.NHibernate", "src\Posy.V2.Infra.Data.NHibernate\Posy.V2.Infra.Data.NHibernate.csproj", "{2E449FFF-5ACB-4013-BC86-47AD975E54DD}"
EndProject
Project("{2150E333-8FDC-42A3-9474-1A3956D46DE8}") = "EntityFramework", "EntityFramework", "{3B8C4810-1DB7-4E99-85F7-5D909B11ADF0}"
EndProject
Project("{2150E333-8FDC-42A3-9474-1A3956D46DE8}") = "NHibernate", "NHibernate", "{986FD4B6-FC7D-400F-8718-ADE9CFE8ABB1}"
EndProject
Project("{2150E333-8FDC-42A3-9474-1A3956D46DE8}") = "1 - UI", "1 - UI", "{6CA200A7-AC3C-4010-A272-3C9ACAC83203}"
EndProject
Project("{2150E333-8FDC-42A3-9474-1A3956D46DE8}") = "2 - Service", "2 - Service", "{302EE5E2-5441-41DB-A209-9FE9688827A9}"
EndProject
Project("{2150E333-8FDC-42A3-9474-1A3956D46DE8}") = "3 - Domain", "3 - Domain", "{0D222782-E7AD-4E1F-BDF1-5F90291C1051}"
EndProject
Project("{2150E333-8FDC-42A3-9474-1A3956D46DE8}") = "4 - Infra", "4 - Infra", "{635A4015-A10F-4EE1-8FC8-6D86C4EC1C39}"
EndProject
Project("{2150E333-8FDC-42A3-9474-1A3956D46DE8}") = "4.1 - Data", "4.1 - Data", "{2494CA56-7689-47D6-BFF0-A5E7AA6E74C4}"
EndProject
Project("{2150E333-8FDC-42A3-9474-1A3956D46DE8}") = "4.2 - CrossCutting", "4.2 - CrossCutting", "{D74B3D45-3AF9-47BC-98A5-7F4B5A60FAC7}"
EndProject
Project("{FAE04EC0-301F-11D3-BF4B-00C04F79EFBC}") = "Posy.V2.Domain.NHibernate", "src\Posy.V2.Domain.NHibernate\Posy.V2.Domain.NHibernate.csproj", "{12372679-3E3B-40A2-B57A-2380C99E0598}"
EndProject
Project("{FAE04EC0-301F-11D3-BF4B-00C04F79EFBC}") = "Posy.V2.Infra.CrossCutting.Identity.NHibernate", "src\Posy.V2.Infra.CrossCutting.Identity.NHibernate\Posy.V2.Infra.CrossCutting.Identity.NHibernate.csproj", "{A45421AD-50C3-429E-A5AD-4AF1EF48F1F3}"
EndProject
Project("{FAE04EC0-301F-11D3-BF4B-00C04F79EFBC}") = "Posy.V2.MVC.NHibernate", "src\Posy.V2.MVC.NHibernate\Posy.V2.MVC.NHibernate.csproj", "{1C791BAE-DF5E-4346-9913-43B99EC2596B}"
EndProject
Project("{FAE04EC0-301F-11D3-BF4B-00C04F79EFBC}") = "Posy.V2.Infra.Data.NHibernate.Oracle", "src\Posy.V2.Infra.Data.NHibernate.Oracle\Posy.V2.Infra.Data.NHibernate.Oracle.csproj", "{023082FE-38DC-4567-B35B-D4A36E729F11}"
EndProject
Project("{FAE04EC0-301F-11D3-BF4B-00C04F79EFBC}") = "Posy.V2.Service.NHibernate", "src\Posy.V2.Service.NHibernate\Posy.V2.Service.NHibernate.csproj", "{768C1575-DEFF-4614-B1BE-FFC1D562E0B7}"
EndProject
Project("{FAE04EC0-301F-11D3-BF4B-00C04F79EFBC}") = "Posy.V2.Infra.CrossCutting.IoC.NHibernate", "src\Posy.V2.Infra.CrossCutting.IoC.NHibernate\Posy.V2.Infra.CrossCutting.IoC.NHibernate.csproj", "{EBA1CE4D-6612-4FE4-BEE5-0D810BF1191E}"
EndProject
Global
	GlobalSection(SolutionConfigurationPlatforms) = preSolution
		Debug|Any CPU = Debug|Any CPU
		Release|Any CPU = Release|Any CPU
	EndGlobalSection
	GlobalSection(ProjectConfigurationPlatforms) = postSolution
		{1A45C873-D638-4716-B85E-6EBC3D21B4C4}.Debug|Any CPU.ActiveCfg = Debug|Any CPU
		{1A45C873-D638-4716-B85E-6EBC3D21B4C4}.Debug|Any CPU.Build.0 = Debug|Any CPU
		{1A45C873-D638-4716-B85E-6EBC3D21B4C4}.Release|Any CPU.ActiveCfg = Release|Any CPU
		{1A45C873-D638-4716-B85E-6EBC3D21B4C4}.Release|Any CPU.Build.0 = Release|Any CPU
		{11D4FD0F-521B-4323-9190-F189044084A1}.Debug|Any CPU.ActiveCfg = Debug|Any CPU
		{11D4FD0F-521B-4323-9190-F189044084A1}.Debug|Any CPU.Build.0 = Debug|Any CPU
		{11D4FD0F-521B-4323-9190-F189044084A1}.Release|Any CPU.ActiveCfg = Release|Any CPU
		{11D4FD0F-521B-4323-9190-F189044084A1}.Release|Any CPU.Build.0 = Release|Any CPU
		{76579ED4-7841-4B1B-927F-13E6FDD382E9}.Debug|Any CPU.ActiveCfg = Debug|Any CPU
		{76579ED4-7841-4B1B-927F-13E6FDD382E9}.Debug|Any CPU.Build.0 = Debug|Any CPU
		{76579ED4-7841-4B1B-927F-13E6FDD382E9}.Release|Any CPU.ActiveCfg = Release|Any CPU
		{76579ED4-7841-4B1B-927F-13E6FDD382E9}.Release|Any CPU.Build.0 = Release|Any CPU
		{2AFD4C62-A4C1-46D9-BF7B-D372D11CF3EC}.Debug|Any CPU.ActiveCfg = Debug|Any CPU
		{2AFD4C62-A4C1-46D9-BF7B-D372D11CF3EC}.Debug|Any CPU.Build.0 = Debug|Any CPU
		{2AFD4C62-A4C1-46D9-BF7B-D372D11CF3EC}.Release|Any CPU.ActiveCfg = Release|Any CPU
		{2AFD4C62-A4C1-46D9-BF7B-D372D11CF3EC}.Release|Any CPU.Build.0 = Release|Any CPU
		{780EF517-75B6-4882-8C78-082B2429CACB}.Debug|Any CPU.ActiveCfg = Debug|Any CPU
		{780EF517-75B6-4882-8C78-082B2429CACB}.Debug|Any CPU.Build.0 = Debug|Any CPU
		{780EF517-75B6-4882-8C78-082B2429CACB}.Release|Any CPU.ActiveCfg = Release|Any CPU
		{780EF517-75B6-4882-8C78-082B2429CACB}.Release|Any CPU.Build.0 = Release|Any CPU
		{020B662B-E18B-4350-A44F-62E7A8C2578E}.Debug|Any CPU.ActiveCfg = Debug|Any CPU
		{020B662B-E18B-4350-A44F-62E7A8C2578E}.Debug|Any CPU.Build.0 = Debug|Any CPU
		{020B662B-E18B-4350-A44F-62E7A8C2578E}.Release|Any CPU.ActiveCfg = Release|Any CPU
		{020B662B-E18B-4350-A44F-62E7A8C2578E}.Release|Any CPU.Build.0 = Release|Any CPU
		{7BBFD3E4-B338-4EAE-8377-33F1158ADD8B}.Debug|Any CPU.ActiveCfg = Debug|Any CPU
		{7BBFD3E4-B338-4EAE-8377-33F1158ADD8B}.Debug|Any CPU.Build.0 = Debug|Any CPU
		{7BBFD3E4-B338-4EAE-8377-33F1158ADD8B}.Release|Any CPU.ActiveCfg = Release|Any CPU
		{7BBFD3E4-B338-4EAE-8377-33F1158ADD8B}.Release|Any CPU.Build.0 = Release|Any CPU
		{02A74618-D5BA-4F25-88C6-AAAB2755A8F6}.Debug|Any CPU.ActiveCfg = Debug|Any CPU
		{02A74618-D5BA-4F25-88C6-AAAB2755A8F6}.Debug|Any CPU.Build.0 = Debug|Any CPU
		{02A74618-D5BA-4F25-88C6-AAAB2755A8F6}.Release|Any CPU.ActiveCfg = Release|Any CPU
		{02A74618-D5BA-4F25-88C6-AAAB2755A8F6}.Release|Any CPU.Build.0 = Release|Any CPU
		{47E3DEB3-1CA5-4549-AF57-C8DADDD6398D}.Debug|Any CPU.ActiveCfg = Debug|Any CPU
		{47E3DEB3-1CA5-4549-AF57-C8DADDD6398D}.Debug|Any CPU.Build.0 = Debug|Any CPU
		{47E3DEB3-1CA5-4549-AF57-C8DADDD6398D}.Release|Any CPU.ActiveCfg = Release|Any CPU
		{47E3DEB3-1CA5-4549-AF57-C8DADDD6398D}.Release|Any CPU.Build.0 = Release|Any CPU
		{06569367-D101-4C35-8C67-9F7F804D3CB3}.Debug|Any CPU.ActiveCfg = Debug|Any CPU
		{06569367-D101-4C35-8C67-9F7F804D3CB3}.Debug|Any CPU.Build.0 = Debug|Any CPU
		{06569367-D101-4C35-8C67-9F7F804D3CB3}.Release|Any CPU.ActiveCfg = Release|Any CPU
		{06569367-D101-4C35-8C67-9F7F804D3CB3}.Release|Any CPU.Build.0 = Release|Any CPU
		{71277C4F-AF70-4A43-88FD-5244AFE0E922}.Debug|Any CPU.ActiveCfg = Debug|Any CPU
		{71277C4F-AF70-4A43-88FD-5244AFE0E922}.Debug|Any CPU.Build.0 = Debug|Any CPU
		{71277C4F-AF70-4A43-88FD-5244AFE0E922}.Release|Any CPU.ActiveCfg = Release|Any CPU
		{71277C4F-AF70-4A43-88FD-5244AFE0E922}.Release|Any CPU.Build.0 = Release|Any CPU
		{C3442B32-97BF-449A-B5AA-71750F137E2A}.Debug|Any CPU.ActiveCfg = Debug|Any CPU
		{C3442B32-97BF-449A-B5AA-71750F137E2A}.Debug|Any CPU.Build.0 = Debug|Any CPU
		{C3442B32-97BF-449A-B5AA-71750F137E2A}.Release|Any CPU.ActiveCfg = Release|Any CPU
		{C3442B32-97BF-449A-B5AA-71750F137E2A}.Release|Any CPU.Build.0 = Release|Any CPU
		{FCAC6BCC-2441-4B1C-96D8-2C35039728F6}.Debug|Any CPU.ActiveCfg = Debug|Any CPU
		{FCAC6BCC-2441-4B1C-96D8-2C35039728F6}.Debug|Any CPU.Build.0 = Debug|Any CPU
		{FCAC6BCC-2441-4B1C-96D8-2C35039728F6}.Release|Any CPU.ActiveCfg = Release|Any CPU
		{FCAC6BCC-2441-4B1C-96D8-2C35039728F6}.Release|Any CPU.Build.0 = Release|Any CPU
		{E90B6CE1-169C-440C-8223-93B79F73BC22}.Debug|Any CPU.ActiveCfg = Debug|Any CPU
		{E90B6CE1-169C-440C-8223-93B79F73BC22}.Debug|Any CPU.Build.0 = Debug|Any CPU
		{E90B6CE1-169C-440C-8223-93B79F73BC22}.Release|Any CPU.ActiveCfg = Release|Any CPU
		{E90B6CE1-169C-440C-8223-93B79F73BC22}.Release|Any CPU.Build.0 = Release|Any CPU
		{D45E774F-D17F-402A-9881-139EC73C23F9}.Debug|Any CPU.ActiveCfg = Debug|Any CPU
		{D45E774F-D17F-402A-9881-139EC73C23F9}.Debug|Any CPU.Build.0 = Debug|Any CPU
		{D45E774F-D17F-402A-9881-139EC73C23F9}.Release|Any CPU.ActiveCfg = Release|Any CPU
		{D45E774F-D17F-402A-9881-139EC73C23F9}.Release|Any CPU.Build.0 = Release|Any CPU
		{2E449FFF-5ACB-4013-BC86-47AD975E54DD}.Debug|Any CPU.ActiveCfg = Debug|Any CPU
		{2E449FFF-5ACB-4013-BC86-47AD975E54DD}.Debug|Any CPU.Build.0 = Debug|Any CPU
		{2E449FFF-5ACB-4013-BC86-47AD975E54DD}.Release|Any CPU.ActiveCfg = Release|Any CPU
		{2E449FFF-5ACB-4013-BC86-47AD975E54DD}.Release|Any CPU.Build.0 = Release|Any CPU
		{12372679-3E3B-40A2-B57A-2380C99E0598}.Debug|Any CPU.ActiveCfg = Debug|Any CPU
		{12372679-3E3B-40A2-B57A-2380C99E0598}.Debug|Any CPU.Build.0 = Debug|Any CPU
		{12372679-3E3B-40A2-B57A-2380C99E0598}.Release|Any CPU.ActiveCfg = Release|Any CPU
		{12372679-3E3B-40A2-B57A-2380C99E0598}.Release|Any CPU.Build.0 = Release|Any CPU
		{A45421AD-50C3-429E-A5AD-4AF1EF48F1F3}.Debug|Any CPU.ActiveCfg = Debug|Any CPU
		{A45421AD-50C3-429E-A5AD-4AF1EF48F1F3}.Debug|Any CPU.Build.0 = Debug|Any CPU
		{A45421AD-50C3-429E-A5AD-4AF1EF48F1F3}.Release|Any CPU.ActiveCfg = Release|Any CPU
		{A45421AD-50C3-429E-A5AD-4AF1EF48F1F3}.Release|Any CPU.Build.0 = Release|Any CPU
		{1C791BAE-DF5E-4346-9913-43B99EC2596B}.Debug|Any CPU.ActiveCfg = Debug|Any CPU
		{1C791BAE-DF5E-4346-9913-43B99EC2596B}.Debug|Any CPU.Build.0 = Debug|Any CPU
		{1C791BAE-DF5E-4346-9913-43B99EC2596B}.Release|Any CPU.ActiveCfg = Release|Any CPU
		{1C791BAE-DF5E-4346-9913-43B99EC2596B}.Release|Any CPU.Build.0 = Release|Any CPU
		{023082FE-38DC-4567-B35B-D4A36E729F11}.Debug|Any CPU.ActiveCfg = Debug|Any CPU
		{023082FE-38DC-4567-B35B-D4A36E729F11}.Debug|Any CPU.Build.0 = Debug|Any CPU
		{023082FE-38DC-4567-B35B-D4A36E729F11}.Release|Any CPU.ActiveCfg = Release|Any CPU
		{023082FE-38DC-4567-B35B-D4A36E729F11}.Release|Any CPU.Build.0 = Release|Any CPU
		{768C1575-DEFF-4614-B1BE-FFC1D562E0B7}.Debug|Any CPU.ActiveCfg = Debug|Any CPU
		{768C1575-DEFF-4614-B1BE-FFC1D562E0B7}.Debug|Any CPU.Build.0 = Debug|Any CPU
		{768C1575-DEFF-4614-B1BE-FFC1D562E0B7}.Release|Any CPU.ActiveCfg = Release|Any CPU
		{768C1575-DEFF-4614-B1BE-FFC1D562E0B7}.Release|Any CPU.Build.0 = Release|Any CPU
		{EBA1CE4D-6612-4FE4-BEE5-0D810BF1191E}.Debug|Any CPU.ActiveCfg = Debug|Any CPU
		{EBA1CE4D-6612-4FE4-BEE5-0D810BF1191E}.Debug|Any CPU.Build.0 = Debug|Any CPU
		{EBA1CE4D-6612-4FE4-BEE5-0D810BF1191E}.Release|Any CPU.ActiveCfg = Release|Any CPU
		{EBA1CE4D-6612-4FE4-BEE5-0D810BF1191E}.Release|Any CPU.Build.0 = Release|Any CPU
	EndGlobalSection
	GlobalSection(SolutionProperties) = preSolution
		HideSolutionNode = FALSE
	EndGlobalSection
	GlobalSection(NestedProjects) = preSolution
		{0993D80D-FB2A-4D24-81BA-52412091190E} = {3B8C4810-1DB7-4E99-85F7-5D909B11ADF0}
		{DD7F1BCC-CBEF-4D4D-A15C-83C6743F8EF5} = {3B8C4810-1DB7-4E99-85F7-5D909B11ADF0}
		{B7B6CEB6-CDCF-4B4B-B417-AD4421D6912F} = {3B8C4810-1DB7-4E99-85F7-5D909B11ADF0}
		{CDD6737D-3D38-4A45-B271-420FEF126A54} = {3B8C4810-1DB7-4E99-85F7-5D909B11ADF0}
		{32BDB42F-9699-41B7-81A6-E63BDF902553} = {CDD6737D-3D38-4A45-B271-420FEF126A54}
		{1288EC63-183F-4249-91FC-A5ED0AFC864D} = {CDD6737D-3D38-4A45-B271-420FEF126A54}
		{1A45C873-D638-4716-B85E-6EBC3D21B4C4} = {1288EC63-183F-4249-91FC-A5ED0AFC864D}
		{11D4FD0F-521B-4323-9190-F189044084A1} = {1288EC63-183F-4249-91FC-A5ED0AFC864D}
		{76579ED4-7841-4B1B-927F-13E6FDD382E9} = {32BDB42F-9699-41B7-81A6-E63BDF902553}
		{2AFD4C62-A4C1-46D9-BF7B-D372D11CF3EC} = {B7B6CEB6-CDCF-4B4B-B417-AD4421D6912F}
		{780EF517-75B6-4882-8C78-082B2429CACB} = {0993D80D-FB2A-4D24-81BA-52412091190E}
		{020B662B-E18B-4350-A44F-62E7A8C2578E} = {1288EC63-183F-4249-91FC-A5ED0AFC864D}
		{7BBFD3E4-B338-4EAE-8377-33F1158ADD8B} = {DD7F1BCC-CBEF-4D4D-A15C-83C6743F8EF5}
		{02A74618-D5BA-4F25-88C6-AAAB2755A8F6} = {0993D80D-FB2A-4D24-81BA-52412091190E}
		{47E3DEB3-1CA5-4549-AF57-C8DADDD6398D} = {0993D80D-FB2A-4D24-81BA-52412091190E}
		{06569367-D101-4C35-8C67-9F7F804D3CB3} = {0993D80D-FB2A-4D24-81BA-52412091190E}
		{71277C4F-AF70-4A43-88FD-5244AFE0E922} = {32BDB42F-9699-41B7-81A6-E63BDF902553}
		{C3442B32-97BF-449A-B5AA-71750F137E2A} = {32BDB42F-9699-41B7-81A6-E63BDF902553}
		{FCAC6BCC-2441-4B1C-96D8-2C35039728F6} = {32BDB42F-9699-41B7-81A6-E63BDF902553}
		{E90B6CE1-169C-440C-8223-93B79F73BC22} = {1288EC63-183F-4249-91FC-A5ED0AFC864D}
		{D45E774F-D17F-402A-9881-139EC73C23F9} = {B7B6CEB6-CDCF-4B4B-B417-AD4421D6912F}
		{2E449FFF-5ACB-4013-BC86-47AD975E54DD} = {2494CA56-7689-47D6-BFF0-A5E7AA6E74C4}
		{6CA200A7-AC3C-4010-A272-3C9ACAC83203} = {986FD4B6-FC7D-400F-8718-ADE9CFE8ABB1}
		{302EE5E2-5441-41DB-A209-9FE9688827A9} = {986FD4B6-FC7D-400F-8718-ADE9CFE8ABB1}
		{0D222782-E7AD-4E1F-BDF1-5F90291C1051} = {986FD4B6-FC7D-400F-8718-ADE9CFE8ABB1}
		{635A4015-A10F-4EE1-8FC8-6D86C4EC1C39} = {986FD4B6-FC7D-400F-8718-ADE9CFE8ABB1}
		{2494CA56-7689-47D6-BFF0-A5E7AA6E74C4} = {635A4015-A10F-4EE1-8FC8-6D86C4EC1C39}
		{D74B3D45-3AF9-47BC-98A5-7F4B5A60FAC7} = {635A4015-A10F-4EE1-8FC8-6D86C4EC1C39}
		{12372679-3E3B-40A2-B57A-2380C99E0598} = {0D222782-E7AD-4E1F-BDF1-5F90291C1051}
		{A45421AD-50C3-429E-A5AD-4AF1EF48F1F3} = {D74B3D45-3AF9-47BC-98A5-7F4B5A60FAC7}
		{1C791BAE-DF5E-4346-9913-43B99EC2596B} = {6CA200A7-AC3C-4010-A272-3C9ACAC83203}
		{023082FE-38DC-4567-B35B-D4A36E729F11} = {2494CA56-7689-47D6-BFF0-A5E7AA6E74C4}
		{768C1575-DEFF-4614-B1BE-FFC1D562E0B7} = {302EE5E2-5441-41DB-A209-9FE9688827A9}
		{EBA1CE4D-6612-4FE4-BEE5-0D810BF1191E} = {D74B3D45-3AF9-47BC-98A5-7F4B5A60FAC7}
	EndGlobalSection
	GlobalSection(ExtensibilityGlobals) = postSolution
		SolutionGuid = {C50AA35A-DA7E-40CF-B42C-1C06BBC03741}
	EndGlobalSection
EndGlobal
